
Microsoft Visual Studio Solution File, Format Version 12.00
# Visual Studio Version 16
VisualStudioVersion = 16.0.810.3
MinimumVisualStudioVersion = 10.0.40219.1
Project("{9A19103F-16F7-4668-BE54-9A1E7A4F7556}") = "SvgBlazor", "src\SvgBlazor\SvgBlazor.csproj", "{2FEF4A96-A24F-47BB-894A-D2A6ACD15E2F}"
EndProject
Project("{9A19103F-16F7-4668-BE54-9A1E7A4F7556}") = "SvgBlazor.Docs", "src\SvgBlazor.Docs\SvgBlazor.Docs.csproj", "{7D78592B-3B9F-49A4-AAE8-C01879273534}"
EndProject
Project("{9A19103F-16F7-4668-BE54-9A1E7A4F7556}") = "SvgBlazor.Tests", "tests\SvgBlazor.Tests\SvgBlazor.Tests.csproj", "{9DDD57DA-9F0B-4FFA-9E8C-8E3A8DDF99DE}"
EndProject
Project("{9A19103F-16F7-4668-BE54-9A1E7A4F7556}") = "SvgBlazor.Docs.Generator", "src\SvgBlazor.Docs.Generator\SvgBlazor.Docs.Generator.csproj", "{FFA512DA-CAC8-4344-9211-751A52C467D5}"
EndProject
Global
	GlobalSection(SolutionConfigurationPlatforms) = preSolution
		Debug|Any CPU = Debug|Any CPU
		Release|Any CPU = Release|Any CPU
	EndGlobalSection
	GlobalSection(ProjectConfigurationPlatforms) = postSolution
		{2FEF4A96-A24F-47BB-894A-D2A6ACD15E2F}.Debug|Any CPU.ActiveCfg = Debug|Any CPU
		{2FEF4A96-A24F-47BB-894A-D2A6ACD15E2F}.Debug|Any CPU.Build.0 = Debug|Any CPU
		{2FEF4A96-A24F-47BB-894A-D2A6ACD15E2F}.Release|Any CPU.ActiveCfg = Release|Any CPU
		{2FEF4A96-A24F-47BB-894A-D2A6ACD15E2F}.Release|Any CPU.Build.0 = Release|Any CPU
		{7D78592B-3B9F-49A4-AAE8-C01879273534}.Debug|Any CPU.ActiveCfg = Debug|Any CPU
		{7D78592B-3B9F-49A4-AAE8-C01879273534}.Debug|Any CPU.Build.0 = Debug|Any CPU
		{7D78592B-3B9F-49A4-AAE8-C01879273534}.Release|Any CPU.ActiveCfg = Release|Any CPU
		{7D78592B-3B9F-49A4-AAE8-C01879273534}.Release|Any CPU.Build.0 = Release|Any CPU
		{9DDD57DA-9F0B-4FFA-9E8C-8E3A8DDF99DE}.Debug|Any CPU.ActiveCfg = Debug|Any CPU
		{9DDD57DA-9F0B-4FFA-9E8C-8E3A8DDF99DE}.Debug|Any CPU.Build.0 = Debug|Any CPU
		{9DDD57DA-9F0B-4FFA-9E8C-8E3A8DDF99DE}.Release|Any CPU.ActiveCfg = Release|Any CPU
		{9DDD57DA-9F0B-4FFA-9E8C-8E3A8DDF99DE}.Release|Any CPU.Build.0 = Release|Any CPU
		{FFA512DA-CAC8-4344-9211-751A52C467D5}.Debug|Any CPU.ActiveCfg = Debug|Any CPU
		{FFA512DA-CAC8-4344-9211-751A52C467D5}.Debug|Any CPU.Build.0 = Debug|Any CPU
		{FFA512DA-CAC8-4344-9211-751A52C467D5}.Release|Any CPU.ActiveCfg = Release|Any CPU
		{FFA512DA-CAC8-4344-9211-751A52C467D5}.Release|Any CPU.Build.0 = Release|Any CPU
	EndGlobalSection
	GlobalSection(SolutionProperties) = preSolution
		HideSolutionNode = FALSE
	EndGlobalSection
	GlobalSection(ExtensibilityGlobals) = postSolution
		SolutionGuid = {314B00A4-A5F8-4CD0-9E8E-D35FFE123F7A}
	EndGlobalSection
EndGlobal
